<?xml version="1.0" encoding="utf-8"?>
<Project ToolsVersion="4.0" xmlns="http://schemas.microsoft.com/developer/msbuild/2003">
  <ItemGroup>
    <Filter Include="Source Files">
      <UniqueIdentifier>{4FC737F1-C7A5-4376-A066-2A32D752A2FF}</UniqueIdentifier>
      <Extensions>cpp;c;cc;cxx;c++;cppm;ixx;def;odl;idl;hpj;bat;asm;asmx</Extensions>
    </Filter>
    <Filter Include="Source Files\use">
      <UniqueIdentifier>{bbb662c0-780f-4216-a8c1-18e7eb1581e3}</UniqueIdentifier>
    </Filter>
    <Filter Include="Source Files\src">
      <UniqueIdentifier>{95e69cfd-0b63-40e5-9e05-f109961fcacb}</UniqueIdentifier>
    </Filter>
  </ItemGroup>
  <ItemGroup>
    <ClInclude Include="public\use\use_memCounter.h">
      <Filter>Source Files\use</Filter>
    </ClInclude>
    <ClInclude Include="public\src\MemCounter.h">
      <Filter>Source Files\src</Filter>
    </ClInclude>
    <ClInclude Include="public\use\000.MemoryAddresser_setting.h">
      <Filter>Source Files\use</Filter>
    </ClInclude>
  </ItemGroup>
  <ItemGroup>
    <ClCompile Include="private\main.cpp">
      <Filter>Source Files</Filter>
    </ClCompile>
  </ItemGroup>
</Project>